
Microsoft Visual Studio Solution File, Format Version 12.00
# Visual Studio Version 16
Project("{8BC9CEB8-8B4A-11D0-8D11-00A0C91BC942}") = "ALL_BUILD", "ALL_BUILD.vcxproj", "{2CFDF279-C573-37C7-85D4-EA892D505485}"
	ProjectSection(ProjectDependencies) = postProject
		{139E69C7-3DCB-3A65-A88D-49DDBC7F8B2A} = {139E69C7-3DCB-3A65-A88D-49DDBC7F8B2A}
		{751F6902-45AB-3842-8117-16C9DFAC4026} = {751F6902-45AB-3842-8117-16C9DFAC4026}
		{A4543542-038C-3EBA-AEF3-FA900BCEB265} = {A4543542-038C-3EBA-AEF3-FA900BCEB265}
		{7F5F76FC-8B48-310C-AFBF-A89E9BDE483F} = {7F5F76FC-8B48-310C-AFBF-A89E9BDE483F}
		{A9051CF4-365D-31CF-82CC-ED5E2576BA73} = {A9051CF4-365D-31CF-82CC-ED5E2576BA73}
		{D916E4C8-9804-3D7D-AA66-054270713102} = {D916E4C8-9804-3D7D-AA66-054270713102}
		{5659800F-0FF7-3411-84F4-C2DF150792FE} = {5659800F-0FF7-3411-84F4-C2DF150792FE}
	EndProjectSection
EndProject
Project("{8BC9CEB8-8B4A-11D0-8D11-00A0C91BC942}") = "INSTALL", "INSTALL.vcxproj", "{DD50F68D-D6AD-3EA7-8178-BDB6DDD69D64}"
	ProjectSection(ProjectDependencies) = postProject
		{2CFDF279-C573-37C7-85D4-EA892D505485} = {2CFDF279-C573-37C7-85D4-EA892D505485}
		{751F6902-45AB-3842-8117-16C9DFAC4026} = {751F6902-45AB-3842-8117-16C9DFAC4026}
	EndProjectSection
EndProject
Project("{8BC9CEB8-8B4A-11D0-8D11-00A0C91BC942}") = "IrrXML", "contrib\irrXML\IrrXML.vcxproj", "{139E69C7-3DCB-3A65-A88D-49DDBC7F8B2A}"
	ProjectSection(ProjectDependencies) = postProject
		{751F6902-45AB-3842-8117-16C9DFAC4026} = {751F6902-45AB-3842-8117-16C9DFAC4026}
	EndProjectSection
EndProject
Project("{8BC9CEB8-8B4A-11D0-8D11-00A0C91BC942}") = "UpdateAssimpLibsDebugSymbolsAndDLLs", "UpdateAssimpLibsDebugSymbolsAndDLLs.vcxproj", "{05CB68FE-FC47-3D78-A063-BC488E2C263D}"
	ProjectSection(ProjectDependencies) = postProject
		{751F6902-45AB-3842-8117-16C9DFAC4026} = {751F6902-45AB-3842-8117-16C9DFAC4026}
	EndProjectSection
EndProject
Project("{8BC9CEB8-8B4A-11D0-8D11-00A0C91BC942}") = "ZERO_CHECK", "ZERO_CHECK.vcxproj", "{751F6902-45AB-3842-8117-16C9DFAC4026}"
	ProjectSection(ProjectDependencies) = postProject
	EndProjectSection
EndProject
Project("{8BC9CEB8-8B4A-11D0-8D11-00A0C91BC942}") = "assimp", "code\assimp.vcxproj", "{A4543542-038C-3EBA-AEF3-FA900BCEB265}"
	ProjectSection(ProjectDependencies) = postProject
		{139E69C7-3DCB-3A65-A88D-49DDBC7F8B2A} = {139E69C7-3DCB-3A65-A88D-49DDBC7F8B2A}
		{751F6902-45AB-3842-8117-16C9DFAC4026} = {751F6902-45AB-3842-8117-16C9DFAC4026}
		{5659800F-0FF7-3411-84F4-C2DF150792FE} = {5659800F-0FF7-3411-84F4-C2DF150792FE}
	EndProjectSection
EndProject
Project("{8BC9CEB8-8B4A-11D0-8D11-00A0C91BC942}") = "assimp_cmd", "tools\assimp_cmd\assimp_cmd.vcxproj", "{7F5F76FC-8B48-310C-AFBF-A89E9BDE483F}"
	ProjectSection(ProjectDependencies) = postProject
		{139E69C7-3DCB-3A65-A88D-49DDBC7F8B2A} = {139E69C7-3DCB-3A65-A88D-49DDBC7F8B2A}
		{751F6902-45AB-3842-8117-16C9DFAC4026} = {751F6902-45AB-3842-8117-16C9DFAC4026}
		{A4543542-038C-3EBA-AEF3-FA900BCEB265} = {A4543542-038C-3EBA-AEF3-FA900BCEB265}
		{5659800F-0FF7-3411-84F4-C2DF150792FE} = {5659800F-0FF7-3411-84F4-C2DF150792FE}
	EndProjectSection
EndProject
Project("{8BC9CEB8-8B4A-11D0-8D11-00A0C91BC942}") = "uninstall", "uninstall.vcxproj", "{EA7CC588-BC36-305D-9966-8E5BFEBE9FCA}"
	ProjectSection(ProjectDependencies) = postProject
		{751F6902-45AB-3842-8117-16C9DFAC4026} = {751F6902-45AB-3842-8117-16C9DFAC4026}
	EndProjectSection
EndProject
Project("{8BC9CEB8-8B4A-11D0-8D11-00A0C91BC942}") = "unit", "test\unit.vcxproj", "{A9051CF4-365D-31CF-82CC-ED5E2576BA73}"
	ProjectSection(ProjectDependencies) = postProject
		{139E69C7-3DCB-3A65-A88D-49DDBC7F8B2A} = {139E69C7-3DCB-3A65-A88D-49DDBC7F8B2A}
		{751F6902-45AB-3842-8117-16C9DFAC4026} = {751F6902-45AB-3842-8117-16C9DFAC4026}
		{A4543542-038C-3EBA-AEF3-FA900BCEB265} = {A4543542-038C-3EBA-AEF3-FA900BCEB265}
		{5659800F-0FF7-3411-84F4-C2DF150792FE} = {5659800F-0FF7-3411-84F4-C2DF150792FE}
	EndProjectSection
EndProject
Project("{8BC9CEB8-8B4A-11D0-8D11-00A0C91BC942}") = "zlib", "contrib\zlib\zlib.vcxproj", "{D916E4C8-9804-3D7D-AA66-054270713102}"
	ProjectSection(ProjectDependencies) = postProject
		{751F6902-45AB-3842-8117-16C9DFAC4026} = {751F6902-45AB-3842-8117-16C9DFAC4026}
	EndProjectSection
EndProject
Project("{8BC9CEB8-8B4A-11D0-8D11-00A0C91BC942}") = "zlibstatic", "contrib\zlib\zlibstatic.vcxproj", "{5659800F-0FF7-3411-84F4-C2DF150792FE}"
	ProjectSection(ProjectDependencies) = postProject
		{751F6902-45AB-3842-8117-16C9DFAC4026} = {751F6902-45AB-3842-8117-16C9DFAC4026}
	EndProjectSection
EndProject
Global
	GlobalSection(SolutionConfigurationPlatforms) = preSolution
		Debug|win32 = Debug|win32
		Release|win32 = Release|win32
		MinSizeRel|win32 = MinSizeRel|win32
		RelWithDebInfo|win32 = RelWithDebInfo|win32
	EndGlobalSection
	GlobalSection(ProjectConfigurationPlatforms) = postSolution
		{2CFDF279-C573-37C7-85D4-EA892D505485}.Debug|win32.ActiveCfg = Debug|win32
		{2CFDF279-C573-37C7-85D4-EA892D505485}.Debug|win32.Build.0 = Debug|win32
		{2CFDF279-C573-37C7-85D4-EA892D505485}.Release|win32.ActiveCfg = Release|win32
		{2CFDF279-C573-37C7-85D4-EA892D505485}.Release|win32.Build.0 = Release|win32
		{2CFDF279-C573-37C7-85D4-EA892D505485}.MinSizeRel|win32.ActiveCfg = MinSizeRel|win32
		{2CFDF279-C573-37C7-85D4-EA892D505485}.MinSizeRel|win32.Build.0 = MinSizeRel|win32
		{2CFDF279-C573-37C7-85D4-EA892D505485}.RelWithDebInfo|win32.ActiveCfg = RelWithDebInfo|win32
		{2CFDF279-C573-37C7-85D4-EA892D505485}.RelWithDebInfo|win32.Build.0 = RelWithDebInfo|win32
		{DD50F68D-D6AD-3EA7-8178-BDB6DDD69D64}.Debug|win32.ActiveCfg = Debug|win32
		{DD50F68D-D6AD-3EA7-8178-BDB6DDD69D64}.Release|win32.ActiveCfg = Release|win32
		{DD50F68D-D6AD-3EA7-8178-BDB6DDD69D64}.MinSizeRel|win32.ActiveCfg = MinSizeRel|win32
		{DD50F68D-D6AD-3EA7-8178-BDB6DDD69D64}.RelWithDebInfo|win32.ActiveCfg = RelWithDebInfo|win32
		{139E69C7-3DCB-3A65-A88D-49DDBC7F8B2A}.Debug|win32.ActiveCfg = Debug|win32
		{139E69C7-3DCB-3A65-A88D-49DDBC7F8B2A}.Debug|win32.Build.0 = Debug|win32
		{139E69C7-3DCB-3A65-A88D-49DDBC7F8B2A}.Release|win32.ActiveCfg = Release|win32
		{139E69C7-3DCB-3A65-A88D-49DDBC7F8B2A}.Release|win32.Build.0 = Release|win32
		{139E69C7-3DCB-3A65-A88D-49DDBC7F8B2A}.MinSizeRel|win32.ActiveCfg = MinSizeRel|win32
		{139E69C7-3DCB-3A65-A88D-49DDBC7F8B2A}.MinSizeRel|win32.Build.0 = MinSizeRel|win32
		{139E69C7-3DCB-3A65-A88D-49DDBC7F8B2A}.RelWithDebInfo|win32.ActiveCfg = RelWithDebInfo|win32
		{139E69C7-3DCB-3A65-A88D-49DDBC7F8B2A}.RelWithDebInfo|win32.Build.0 = RelWithDebInfo|win32
		{05CB68FE-FC47-3D78-A063-BC488E2C263D}.Debug|win32.ActiveCfg = Debug|win32
		{05CB68FE-FC47-3D78-A063-BC488E2C263D}.Release|win32.ActiveCfg = Release|win32
		{05CB68FE-FC47-3D78-A063-BC488E2C263D}.MinSizeRel|win32.ActiveCfg = MinSizeRel|win32
		{05CB68FE-FC47-3D78-A063-BC488E2C263D}.RelWithDebInfo|win32.ActiveCfg = RelWithDebInfo|win32
		{751F6902-45AB-3842-8117-16C9DFAC4026}.Debug|win32.ActiveCfg = Debug|win32
		{751F6902-45AB-3842-8117-16C9DFAC4026}.Debug|win32.Build.0 = Debug|win32
		{751F6902-45AB-3842-8117-16C9DFAC4026}.Release|win32.ActiveCfg = Release|win32
		{751F6902-45AB-3842-8117-16C9DFAC4026}.Release|win32.Build.0 = Release|win32
		{751F6902-45AB-3842-8117-16C9DFAC4026}.MinSizeRel|win32.ActiveCfg = MinSizeRel|win32
		{751F6902-45AB-3842-8117-16C9DFAC4026}.MinSizeRel|win32.Build.0 = MinSizeRel|win32
		{751F6902-45AB-3842-8117-16C9DFAC4026}.RelWithDebInfo|win32.ActiveCfg = RelWithDebInfo|win32
		{751F6902-45AB-3842-8117-16C9DFAC4026}.RelWithDebInfo|win32.Build.0 = RelWithDebInfo|win32
		{A4543542-038C-3EBA-AEF3-FA900BCEB265}.Debug|win32.ActiveCfg = Debug|win32
		{A4543542-038C-3EBA-AEF3-FA900BCEB265}.Debug|win32.Build.0 = Debug|win32
		{A4543542-038C-3EBA-AEF3-FA900BCEB265}.Release|win32.ActiveCfg = Release|win32
		{A4543542-038C-3EBA-AEF3-FA900BCEB265}.Release|win32.Build.0 = Release|win32
		{A4543542-038C-3EBA-AEF3-FA900BCEB265}.MinSizeRel|win32.ActiveCfg = MinSizeRel|win32
		{A4543542-038C-3EBA-AEF3-FA900BCEB265}.MinSizeRel|win32.Build.0 = MinSizeRel|win32
		{A4543542-038C-3EBA-AEF3-FA900BCEB265}.RelWithDebInfo|win32.ActiveCfg = RelWithDebInfo|win32
		{A4543542-038C-3EBA-AEF3-FA900BCEB265}.RelWithDebInfo|win32.Build.0 = RelWithDebInfo|win32
		{7F5F76FC-8B48-310C-AFBF-A89E9BDE483F}.Debug|win32.ActiveCfg = Debug|win32
		{7F5F76FC-8B48-310C-AFBF-A89E9BDE483F}.Debug|win32.Build.0 = Debug|win32
		{7F5F76FC-8B48-310C-AFBF-A89E9BDE483F}.Release|win32.ActiveCfg = Release|win32
		{7F5F76FC-8B48-310C-AFBF-A89E9BDE483F}.Release|win32.Build.0 = Release|win32
		{7F5F76FC-8B48-310C-AFBF-A89E9BDE483F}.MinSizeRel|win32.ActiveCfg = MinSizeRel|win32
		{7F5F76FC-8B48-310C-AFBF-A89E9BDE483F}.MinSizeRel|win32.Build.0 = MinSizeRel|win32
		{7F5F76FC-8B48-310C-AFBF-A89E9BDE483F}.RelWithDebInfo|win32.ActiveCfg = RelWithDebInfo|win32
		{7F5F76FC-8B48-310C-AFBF-A89E9BDE483F}.RelWithDebInfo|win32.Build.0 = RelWithDebInfo|win32
		{EA7CC588-BC36-305D-9966-8E5BFEBE9FCA}.Debug|win32.ActiveCfg = Debug|win32
		{EA7CC588-BC36-305D-9966-8E5BFEBE9FCA}.Release|win32.ActiveCfg = Release|win32
		{EA7CC588-BC36-305D-9966-8E5BFEBE9FCA}.MinSizeRel|win32.ActiveCfg = MinSizeRel|win32
		{EA7CC588-BC36-305D-9966-8E5BFEBE9FCA}.RelWithDebInfo|win32.ActiveCfg = RelWithDebInfo|win32
		{A9051CF4-365D-31CF-82CC-ED5E2576BA73}.Debug|win32.ActiveCfg = Debug|win32
		{A9051CF4-365D-31CF-82CC-ED5E2576BA73}.Debug|win32.Build.0 = Debug|win32
		{A9051CF4-365D-31CF-82CC-ED5E2576BA73}.Release|win32.ActiveCfg = Release|win32
		{A9051CF4-365D-31CF-82CC-ED5E2576BA73}.Release|win32.Build.0 = Release|win32
		{A9051CF4-365D-31CF-82CC-ED5E2576BA73}.MinSizeRel|win32.ActiveCfg = MinSizeRel|win32
		{A9051CF4-365D-31CF-82CC-ED5E2576BA73}.MinSizeRel|win32.Build.0 = MinSizeRel|win32
		{A9051CF4-365D-31CF-82CC-ED5E2576BA73}.RelWithDebInfo|win32.ActiveCfg = RelWithDebInfo|win32
		{A9051CF4-365D-31CF-82CC-ED5E2576BA73}.RelWithDebInfo|win32.Build.0 = RelWithDebInfo|win32
		{D916E4C8-9804-3D7D-AA66-054270713102}.Debug|win32.ActiveCfg = Debug|win32
		{D916E4C8-9804-3D7D-AA66-054270713102}.Debug|win32.Build.0 = Debug|win32
		{D916E4C8-9804-3D7D-AA66-054270713102}.Release|win32.ActiveCfg = Release|win32
		{D916E4C8-9804-3D7D-AA66-054270713102}.Release|win32.Build.0 = Release|win32
		{D916E4C8-9804-3D7D-AA66-054270713102}.MinSizeRel|win32.ActiveCfg = MinSizeRel|win32
		{D916E4C8-9804-3D7D-AA66-054270713102}.MinSizeRel|win32.Build.0 = MinSizeRel|win32
		{D916E4C8-9804-3D7D-AA66-054270713102}.RelWithDebInfo|win32.ActiveCfg = RelWithDebInfo|win32
		{D916E4C8-9804-3D7D-AA66-054270713102}.RelWithDebInfo|win32.Build.0 = RelWithDebInfo|win32
		{5659800F-0FF7-3411-84F4-C2DF150792FE}.Debug|win32.ActiveCfg = Debug|win32
		{5659800F-0FF7-3411-84F4-C2DF150792FE}.Debug|win32.Build.0 = Debug|win32
		{5659800F-0FF7-3411-84F4-C2DF150792FE}.Release|win32.ActiveCfg = Release|win32
		{5659800F-0FF7-3411-84F4-C2DF150792FE}.Release|win32.Build.0 = Release|win32
		{5659800F-0FF7-3411-84F4-C2DF150792FE}.MinSizeRel|win32.ActiveCfg = MinSizeRel|win32
		{5659800F-0FF7-3411-84F4-C2DF150792FE}.MinSizeRel|win32.Build.0 = MinSizeRel|win32
		{5659800F-0FF7-3411-84F4-C2DF150792FE}.RelWithDebInfo|win32.ActiveCfg = RelWithDebInfo|win32
		{5659800F-0FF7-3411-84F4-C2DF150792FE}.RelWithDebInfo|win32.Build.0 = RelWithDebInfo|win32
	EndGlobalSection
	GlobalSection(ExtensibilityGlobals) = postSolution
		SolutionGuid = {7D3A9852-A5B7-3EC4-ADF5-4FA415DAEE6D}
	EndGlobalSection
	GlobalSection(ExtensibilityAddIns) = postSolution
	EndGlobalSection
EndGlobal
